
Microsoft Visual Studio Solution File, Format Version 12.00
# Visual Studio 15
VisualStudioVersion = 15.0.28307.168
MinimumVisualStudioVersion = 10.0.40219.1
Project("{FAE04EC0-301F-11D3-BF4B-00C04F79EFBC}") = "OpenRevitOleStorage", "OpenRevitOleStorage.csproj", "{D63CBA2A-8D5E-4640-8CCB-EB8CC28A3B8E}"
EndProject
Global
	GlobalSection(SolutionConfigurationPlatforms) = preSolution
		Debug|Any CPU = Debug|Any CPU
		Release|Any CPU = Release|Any CPU
	EndGlobalSection
	GlobalSection(ProjectConfigurationPlatforms) = postSolution
		{D63CBA2A-8D5E-4640-8CCB-EB8CC28A3B8E}.Debug|Any CPU.ActiveCfg = Debug|Any CPU
		{D63CBA2A-8D5E-4640-8CCB-EB8CC28A3B8E}.Debug|Any CPU.Build.0 = Debug|Any CPU
		{D63CBA2A-8D5E-4640-8CCB-EB8CC28A3B8E}.Release|Any CPU.ActiveCfg = Release|Any CPU
		{D63CBA2A-8D5E-4640-8CCB-EB8CC28A3B8E}.Release|Any CPU.Build.0 = Release|Any CPU
	EndGlobalSection
	GlobalSection(SolutionProperties) = preSolution
		HideSolutionNode = FALSE
	EndGlobalSection
	GlobalSection(ExtensibilityGlobals) = postSolution
		SolutionGuid = {F9742223-0F45-4D2B-9AF6-F1EB88327963}
	EndGlobalSection
EndGlobal
